
Microsoft Visual Studio Solution File, Format Version 12.00
# Visual Studio Version 16
VisualStudioVersion = 16.0.31410.357
MinimumVisualStudioVersion = 10.0.40219.1
Project("{FAE04EC0-301F-11D3-BF4B-00C04F79EFBC}") = "GroceryStore", "GroceryStore\GroceryStore.csproj", "{32F69F8D-5F7B-48C9-B01F-2A4A2EEC6349}"
EndProject
Global
	GlobalSection(SolutionConfigurationPlatforms) = preSolution
		Debug|Any CPU = Debug|Any CPU
		Release|Any CPU = Release|Any CPU
	EndGlobalSection
	GlobalSection(ProjectConfigurationPlatforms) = postSolution
		{32F69F8D-5F7B-48C9-B01F-2A4A2EEC6349}.Debug|Any CPU.ActiveCfg = Debug|Any CPU
		{32F69F8D-5F7B-48C9-B01F-2A4A2EEC6349}.Debug|Any CPU.Build.0 = Debug|Any CPU
		{32F69F8D-5F7B-48C9-B01F-2A4A2EEC6349}.Release|Any CPU.ActiveCfg = Release|Any CPU
		{32F69F8D-5F7B-48C9-B01F-2A4A2EEC6349}.Release|Any CPU.Build.0 = Release|Any CPU
	EndGlobalSection
	GlobalSection(SolutionProperties) = preSolution
		HideSolutionNode = FALSE
	EndGlobalSection
	GlobalSection(ExtensibilityGlobals) = postSolution
		SolutionGuid = {A27ABFED-B3F0-4DED-81F5-E68F4093A3D2}
	EndGlobalSection
EndGlobal
